{
  "name": "AudioTranscriptHelper",
  "lockfileVersion": 3,
  "requires": true,
  "packages": {
    "": {
      "dependencies": {
        "wavesurfer.js": "^6.6.3"
      }
    },
    "node_modules/wavesurfer.js": {
      "version": "6.6.3",
      "resolved": "https://registry.npmjs.org/wavesurfer.js/-/wavesurfer.js-6.6.3.tgz",
      "integrity": "sha512-XqUOXe8+SOTe8uKCHaqW0vJ5etCCQvq/NgaPycn9HAX/nUi+2zoWD+w9i7H5vBT9UCDNawOia+vS5Ct3kZGQzA=="
    }
  }
}
